
Microsoft Visual Studio Solution File, Format Version 12.00
# Visual Studio Version 16
VisualStudioVersion = 16.0.29306.81
MinimumVisualStudioVersion = 10.0.40219.1
Project("{FAE04EC0-301F-11D3-BF4B-00C04F79EFBC}") = "Singleton", "DesignPaterns\Singleton.csproj", "{50A41A42-73DE-4E4F-8F70-329E19449BF1}"
EndProject
Global
	GlobalSection(SolutionConfigurationPlatforms) = preSolution
		Debug|Any CPU = Debug|Any CPU
		Release|Any CPU = Release|Any CPU
	EndGlobalSection
	GlobalSection(ProjectConfigurationPlatforms) = postSolution
		{50A41A42-73DE-4E4F-8F70-329E19449BF1}.Debug|Any CPU.ActiveCfg = Debug|Any CPU
		{50A41A42-73DE-4E4F-8F70-329E19449BF1}.Debug|Any CPU.Build.0 = Debug|Any CPU
		{50A41A42-73DE-4E4F-8F70-329E19449BF1}.Release|Any CPU.ActiveCfg = Release|Any CPU
		{50A41A42-73DE-4E4F-8F70-329E19449BF1}.Release|Any CPU.Build.0 = Release|Any CPU
	EndGlobalSection
	GlobalSection(SolutionProperties) = preSolution
		HideSolutionNode = FALSE
	EndGlobalSection
	GlobalSection(ExtensibilityGlobals) = postSolution
		SolutionGuid = {BBAECA1F-0198-4551-BC9F-0995533B57DC}
	EndGlobalSection
EndGlobal
